
Microsoft Visual Studio Solution File, Format Version 12.00
# Visual Studio Version 16
VisualStudioVersion = 16.0.31129.286
MinimumVisualStudioVersion = 10.0.40219.1
Project("{FAE04EC0-301F-11D3-BF4B-00C04F79EFBC}") = "appventas", "appventas\appventas.csproj", "{B431E335-511D-4C62-8CE3-011D4C82605D}"
EndProject
Global
	GlobalSection(SolutionConfigurationPlatforms) = preSolution
		Debug|Any CPU = Debug|Any CPU
		Release|Any CPU = Release|Any CPU
	EndGlobalSection
	GlobalSection(ProjectConfigurationPlatforms) = postSolution
		{B431E335-511D-4C62-8CE3-011D4C82605D}.Debug|Any CPU.ActiveCfg = Debug|Any CPU
		{B431E335-511D-4C62-8CE3-011D4C82605D}.Debug|Any CPU.Build.0 = Debug|Any CPU
		{B431E335-511D-4C62-8CE3-011D4C82605D}.Release|Any CPU.ActiveCfg = Release|Any CPU
		{B431E335-511D-4C62-8CE3-011D4C82605D}.Release|Any CPU.Build.0 = Release|Any CPU
	EndGlobalSection
	GlobalSection(SolutionProperties) = preSolution
		HideSolutionNode = FALSE
	EndGlobalSection
	GlobalSection(ExtensibilityGlobals) = postSolution
		SolutionGuid = {F7DC6539-B09F-4F6D-BCA6-8AA1F027C182}
	EndGlobalSection
EndGlobal
